{
  "version": 4,
  "terraform_version": "1.12.1",
  "serial": 63,
  "lineage": "c5600af5-5d4a-3bb7-9e23-9eaa46ce8492",
  "outputs": {},
  "resources": [
    {
      "mode": "managed",
      "type": "aws_internet_gateway",
      "name": "igw",
      "provider": "provider[\"registry.terraform.io/hashicorp/aws\"]",
      "instances": [
        {
          "schema_version": 0,
          "attributes": {
            "arn": "arn:aws:ec2:us-east-1:474727059017:internet-gateway/igw-09376e3397360dc69",
            "id": "igw-09376e3397360dc69",
            "owner_id": "474727059017",
            "tags": {
              "Name": "main-igw"
            },
            "tags_all": {
              "Name": "main-igw"
            },
            "timeouts": null,
            "vpc_id": "vpc-087278c3e6179a3d5"
          },
          "sensitive_attributes": [],
          "identity_schema_version": 0,
          "private": "eyJlMmJmYjczMC1lY2FhLTExZTYtOGY4OC0zNDM2M2JjN2M0YzAiOnsiY3JlYXRlIjoxMjAwMDAwMDAwMDAwLCJkZWxldGUiOjEyMDAwMDAwMDAwMDAsInVwZGF0ZSI6MTIwMDAwMDAwMDAwMH19",
          "dependencies": [
            "aws_vpc.main"
          ]
        }
      ]
    },
    {
      "mode": "managed",
      "type": "aws_security_group",
      "name": "mgmt",
      "provider": "provider[\"registry.terraform.io/hashicorp/aws\"]",
      "instances": [
        {
          "schema_version": 1,
          "attributes": {
            "arn": "arn:aws:ec2:us-east-1:474727059017:security-group/sg-03814198de35cdf0e",
            "description": "Allow SSH and HTTPS",
            "egress": [
              {
                "cidr_blocks": [
                  "0.0.0.0/0"
                ],
                "description": "",
                "from_port": 0,
                "ipv6_cidr_blocks": [],
                "prefix_list_ids": [],
                "protocol": "-1",
                "security_groups": [],
                "self": false,
                "to_port": 0
              }
            ],
            "id": "sg-03814198de35cdf0e",
            "ingress": [
              {
                "cidr_blocks": [
                  "0.0.0.0/0"
                ],
                "description": "",
                "from_port": 22,
                "ipv6_cidr_blocks": [],
                "prefix_list_ids": [],
                "protocol": "tcp",
                "security_groups": [],
                "self": false,
                "to_port": 22
              },
              {
                "cidr_blocks": [
                  "0.0.0.0/0"
                ],
                "description": "",
                "from_port": 443,
                "ipv6_cidr_blocks": [],
                "prefix_list_ids": [],
                "protocol": "tcp",
                "security_groups": [],
                "self": false,
                "to_port": 443
              }
            ],
            "name": "vmseries-mgmt-sg",
            "name_prefix": "",
            "owner_id": "474727059017",
            "revoke_rules_on_delete": false,
            "tags": null,
            "tags_all": {},
            "timeouts": null,
            "vpc_id": "vpc-087278c3e6179a3d5"
          },
          "sensitive_attributes": [],
          "identity_schema_version": 0,
          "private": "eyJlMmJmYjczMC1lY2FhLTExZTYtOGY4OC0zNDM2M2JjN2M0YzAiOnsiY3JlYXRlIjo2MDAwMDAwMDAwMDAsImRlbGV0ZSI6OTAwMDAwMDAwMDAwfSwic2NoZW1hX3ZlcnNpb24iOiIxIn0=",
          "dependencies": [
            "aws_vpc.main"
          ]
        }
      ]
    },
    {
      "mode": "managed",
      "type": "aws_subnet",
      "name": "dp",
      "provider": "provider[\"registry.terraform.io/hashicorp/aws\"]",
      "instances": [
        {
          "schema_version": 1,
          "attributes": {
            "arn": "arn:aws:ec2:us-east-1:474727059017:subnet/subnet-07e870c4fc72a7140",
            "assign_ipv6_address_on_creation": false,
            "availability_zone": "us-east-1a",
            "availability_zone_id": "use1-az6",
            "cidr_block": "10.0.2.0/24",
            "customer_owned_ipv4_pool": "",
            "enable_dns64": false,
            "enable_lni_at_device_index": 0,
            "enable_resource_name_dns_a_record_on_launch": false,
            "enable_resource_name_dns_aaaa_record_on_launch": false,
            "id": "subnet-07e870c4fc72a7140",
            "ipv6_cidr_block": "",
            "ipv6_cidr_block_association_id": "",
            "ipv6_native": false,
            "map_customer_owned_ip_on_launch": false,
            "map_public_ip_on_launch": false,
            "outpost_arn": "",
            "owner_id": "474727059017",
            "private_dns_hostname_type_on_launch": "ip-name",
            "tags": null,
            "tags_all": {},
            "timeouts": null,
            "vpc_id": "vpc-087278c3e6179a3d5"
          },
          "sensitive_attributes": [],
          "identity_schema_version": 0,
          "private": "eyJlMmJmYjczMC1lY2FhLTExZTYtOGY4OC0zNDM2M2JjN2M0YzAiOnsiY3JlYXRlIjo2MDAwMDAwMDAwMDAsImRlbGV0ZSI6MTIwMDAwMDAwMDAwMH0sInNjaGVtYV92ZXJzaW9uIjoiMSJ9",
          "dependencies": [
            "aws_vpc.main"
          ]
        }
      ]
    },
    {
      "mode": "managed",
      "type": "aws_subnet",
      "name": "mgmt",
      "provider": "provider[\"registry.terraform.io/hashicorp/aws\"]",
      "instances": [
        {
          "schema_version": 1,
          "attributes": {
            "arn": "arn:aws:ec2:us-east-1:474727059017:subnet/subnet-0214a29575c79c29a",
            "assign_ipv6_address_on_creation": false,
            "availability_zone": "us-east-1a",
            "availability_zone_id": "use1-az6",
            "cidr_block": "10.0.1.0/24",
            "customer_owned_ipv4_pool": "",
            "enable_dns64": false,
            "enable_lni_at_device_index": 0,
            "enable_resource_name_dns_a_record_on_launch": false,
            "enable_resource_name_dns_aaaa_record_on_launch": false,
            "id": "subnet-0214a29575c79c29a",
            "ipv6_cidr_block": "",
            "ipv6_cidr_block_association_id": "",
            "ipv6_native": false,
            "map_customer_owned_ip_on_launch": false,
            "map_public_ip_on_launch": true,
            "outpost_arn": "",
            "owner_id": "474727059017",
            "private_dns_hostname_type_on_launch": "ip-name",
            "tags": null,
            "tags_all": {},
            "timeouts": null,
            "vpc_id": "vpc-087278c3e6179a3d5"
          },
          "sensitive_attributes": [],
          "identity_schema_version": 0,
          "private": "eyJlMmJmYjczMC1lY2FhLTExZTYtOGY4OC0zNDM2M2JjN2M0YzAiOnsiY3JlYXRlIjo2MDAwMDAwMDAwMDAsImRlbGV0ZSI6MTIwMDAwMDAwMDAwMH0sInNjaGVtYV92ZXJzaW9uIjoiMSJ9",
          "dependencies": [
            "aws_vpc.main"
          ]
        }
      ]
    },
    {
      "mode": "managed",
      "type": "aws_vpc",
      "name": "main",
      "provider": "provider[\"registry.terraform.io/hashicorp/aws\"]",
      "instances": [
        {
          "schema_version": 1,
          "attributes": {
            "arn": "arn:aws:ec2:us-east-1:474727059017:vpc/vpc-087278c3e6179a3d5",
            "assign_generated_ipv6_cidr_block": false,
            "cidr_block": "10.0.0.0/16",
            "default_network_acl_id": "acl-0e5b5dd0635265c0a",
            "default_route_table_id": "rtb-05b391ef6061f78b8",
            "default_security_group_id": "sg-05a3d38da70d81e7d",
            "dhcp_options_id": "dopt-0a8822b14201ccf35",
            "enable_dns_hostnames": false,
            "enable_dns_support": true,
            "enable_network_address_usage_metrics": false,
            "id": "vpc-087278c3e6179a3d5",
            "instance_tenancy": "default",
            "ipv4_ipam_pool_id": null,
            "ipv4_netmask_length": null,
            "ipv6_association_id": "",
            "ipv6_cidr_block": "",
            "ipv6_cidr_block_network_border_group": "",
            "ipv6_ipam_pool_id": "",
            "ipv6_netmask_length": 0,
            "main_route_table_id": "rtb-05b391ef6061f78b8",
            "owner_id": "474727059017",
            "tags": null,
            "tags_all": {}
          },
          "sensitive_attributes": [],
          "identity_schema_version": 0,
          "private": "eyJzY2hlbWFfdmVyc2lvbiI6IjEifQ=="
        }
      ]
    },
    {
      "module": "module.fw",
      "mode": "data",
      "type": "aws_ami",
      "name": "this",
      "provider": "provider[\"registry.terraform.io/hashicorp/aws\"]",
      "instances": []
    },
    {
      "module": "module.fw",
      "mode": "data",
      "type": "aws_ebs_default_kms_key",
      "name": "current",
      "provider": "provider[\"registry.terraform.io/hashicorp/aws\"]",
      "instances": [
        {
          "index_key": 0,
          "schema_version": 0,
          "attributes": {
            "id": "us-east-1",
            "key_arn": "alias/aws/ebs",
            "timeouts": null
          },
          "sensitive_attributes": [],
          "identity_schema_version": 0
        }
      ]
    },
    {
      "module": "module.fw",
      "mode": "data",
      "type": "aws_kms_alias",
      "name": "current_arn",
      "provider": "provider[\"registry.terraform.io/hashicorp/aws\"]",
      "instances": [
        {
          "index_key": 0,
          "schema_version": 0,
          "attributes": {
            "arn": "arn:aws:kms:us-east-1:474727059017:alias/aws/ebs",
            "id": "arn:aws:kms:us-east-1:474727059017:alias/aws/ebs",
            "name": "alias/aws/ebs",
            "target_key_arn": "arn:aws:kms:us-east-1:474727059017:key/5d0311d5-6a9c-4801-895c-5c5cc2c5b5f0",
            "target_key_id": "5d0311d5-6a9c-4801-895c-5c5cc2c5b5f0"
          },
          "sensitive_attributes": [],
          "identity_schema_version": 0
        }
      ]
    },
    {
      "module": "module.fw",
      "mode": "managed",
      "type": "aws_eip",
      "name": "this",
      "provider": "provider[\"registry.terraform.io/hashicorp/aws\"]",
      "instances": [
        {
          "index_key": "mgmt",
          "schema_version": 0,
          "attributes": {
            "address": null,
            "allocation_id": "eipalloc-03cfadef54b9de29e",
            "arn": "arn:aws:ec2:us-east-1:474727059017:elastic-ip/eipalloc-03cfadef54b9de29e",
            "associate_with_private_ip": null,
            "association_id": "eipassoc-0b403583ef0586cf4",
            "carrier_ip": "",
            "customer_owned_ip": "",
            "customer_owned_ipv4_pool": "",
            "domain": "vpc",
            "id": "eipalloc-03cfadef54b9de29e",
            "instance": "",
            "ipam_pool_id": null,
            "network_border_group": "us-east-1",
            "network_interface": "eni-0a7e3afae9963f02d",
            "private_dns": "ip-10-0-1-127.ec2.internal",
            "private_ip": "10.0.1.127",
            "ptr_record": "",
            "public_dns": "ec2-52-21-182-57.compute-1.amazonaws.com",
            "public_ip": "52.21.182.57",
            "public_ipv4_pool": "amazon",
            "tags": {
              "Name": "vm300-fw-mgmt"
            },
            "tags_all": {
              "Name": "vm300-fw-mgmt"
            },
            "timeouts": null,
            "vpc": true
          },
          "sensitive_attributes": [],
          "identity_schema_version": 0,
          "private": "eyJlMmJmYjczMC1lY2FhLTExZTYtOGY4OC0zNDM2M2JjN2M0YzAiOnsiZGVsZXRlIjoxODAwMDAwMDAwMDAsInJlYWQiOjkwMDAwMDAwMDAwMCwidXBkYXRlIjozMDAwMDAwMDAwMDB9fQ==",
          "dependencies": [
            "aws_security_group.mgmt",
            "aws_subnet.dp",
            "aws_subnet.mgmt",
            "aws_vpc.main",
            "module.fw.aws_network_interface.this"
          ]
        }
      ]
    },
    {
      "module": "module.fw",
      "mode": "managed",
      "type": "aws_network_interface",
      "name": "this",
      "provider": "provider[\"registry.terraform.io/hashicorp/aws\"]",
      "instances": [
        {
          "index_key": "dataplane",
          "schema_version": 0,
          "attributes": {
            "arn": "arn:aws:ec2:us-east-1:474727059017:network-interface/eni-07e75da519c5d1a2a",
            "attachment": [],
            "description": "",
            "enable_primary_ipv6": null,
            "id": "eni-07e75da519c5d1a2a",
            "interface_type": "interface",
            "ipv4_prefix_count": 0,
            "ipv4_prefixes": [],
            "ipv6_address_count": 0,
            "ipv6_address_list": [],
            "ipv6_address_list_enabled": false,
            "ipv6_addresses": [],
            "ipv6_prefix_count": 0,
            "ipv6_prefixes": [],
            "mac_address": "0e:13:ab:26:bc:8f",
            "outpost_arn": "",
            "owner_id": "474727059017",
            "private_dns_name": "",
            "private_ip": "10.0.2.127",
            "private_ip_list": [
              "10.0.2.127"
            ],
            "private_ip_list_enabled": false,
            "private_ips": [
              "10.0.2.127"
            ],
            "private_ips_count": 0,
            "security_groups": [
              "sg-05a3d38da70d81e7d"
            ],
            "source_dest_check": true,
            "subnet_id": "subnet-07e870c4fc72a7140",
            "tags": {
              "Name": "vm300-fw-dataplane"
            },
            "tags_all": {
              "Name": "vm300-fw-dataplane"
            }
          },
          "sensitive_attributes": [],
          "identity_schema_version": 0,
          "private": "bnVsbA==",
          "dependencies": [
            "aws_security_group.mgmt",
            "aws_subnet.dp",
            "aws_subnet.mgmt",
            "aws_vpc.main"
          ]
        },
        {
          "index_key": "mgmt",
          "schema_version": 0,
          "attributes": {
            "arn": "arn:aws:ec2:us-east-1:474727059017:network-interface/eni-0a7e3afae9963f02d",
            "attachment": [],
            "description": "",
            "enable_primary_ipv6": null,
            "id": "eni-0a7e3afae9963f02d",
            "interface_type": "interface",
            "ipv4_prefix_count": 0,
            "ipv4_prefixes": [],
            "ipv6_address_count": 0,
            "ipv6_address_list": [],
            "ipv6_address_list_enabled": false,
            "ipv6_addresses": [],
            "ipv6_prefix_count": 0,
            "ipv6_prefixes": [],
            "mac_address": "0e:61:04:26:a4:91",
            "outpost_arn": "",
            "owner_id": "474727059017",
            "private_dns_name": "",
            "private_ip": "10.0.1.127",
            "private_ip_list": [
              "10.0.1.127"
            ],
            "private_ip_list_enabled": false,
            "private_ips": [
              "10.0.1.127"
            ],
            "private_ips_count": 0,
            "security_groups": [
              "sg-03814198de35cdf0e"
            ],
            "source_dest_check": true,
            "subnet_id": "subnet-0214a29575c79c29a",
            "tags": {
              "Name": "vm300-fw-mgmt"
            },
            "tags_all": {
              "Name": "vm300-fw-mgmt"
            }
          },
          "sensitive_attributes": [],
          "identity_schema_version": 0,
          "private": "bnVsbA==",
          "dependencies": [
            "aws_security_group.mgmt",
            "aws_subnet.dp",
            "aws_subnet.mgmt",
            "aws_vpc.main"
          ]
        }
      ]
    }
  ],
  "check_results": null
}
